
Microsoft Visual Studio Solution File, Format Version 12.00
# Visual Studio 15
VisualStudioVersion = 15.0.27428.2043
MinimumVisualStudioVersion = 10.0.40219.1
Project("{FAE04EC0-301F-11D3-BF4B-00C04F79EFBC}") = "ParcsSharp", "ParcsSharp\ParcsSharp.csproj", "{F3F0276C-F00A-4F88-B16B-ADA918E13C57}"
EndProject
Project("{FAE04EC0-301F-11D3-BF4B-00C04F79EFBC}") = "Parcs", "Parcs\Parcs.csproj", "{566D39E1-2F1D-47E4-9B45-2CFF51636B51}"
EndProject
Project("{2150E333-8FDC-42A3-9474-1A3956D46DE8}") = "TestProjects", "TestProjects", "{B8A0691E-8F35-4A10-A923-7F2FF8E9FF47}"
EndProject
Project("{FAE04EC0-301F-11D3-BF4B-00C04F79EFBC}") = "DaemonHost", "DaemonHost\DaemonHost.csproj", "{C99C176B-7193-40DC-96EA-49032B292BF4}"
EndProject
Global
	GlobalSection(SolutionConfigurationPlatforms) = preSolution
		Debug|Any CPU = Debug|Any CPU
		Release|Any CPU = Release|Any CPU
	EndGlobalSection
	GlobalSection(ProjectConfigurationPlatforms) = postSolution
		{F3F0276C-F00A-4F88-B16B-ADA918E13C57}.Debug|Any CPU.ActiveCfg = Debug|Any CPU
		{F3F0276C-F00A-4F88-B16B-ADA918E13C57}.Debug|Any CPU.Build.0 = Debug|Any CPU
		{F3F0276C-F00A-4F88-B16B-ADA918E13C57}.Release|Any CPU.ActiveCfg = Release|Any CPU
		{F3F0276C-F00A-4F88-B16B-ADA918E13C57}.Release|Any CPU.Build.0 = Release|Any CPU
		{566D39E1-2F1D-47E4-9B45-2CFF51636B51}.Debug|Any CPU.ActiveCfg = Debug|Any CPU
		{566D39E1-2F1D-47E4-9B45-2CFF51636B51}.Debug|Any CPU.Build.0 = Debug|Any CPU
		{566D39E1-2F1D-47E4-9B45-2CFF51636B51}.Release|Any CPU.ActiveCfg = Release|Any CPU
		{566D39E1-2F1D-47E4-9B45-2CFF51636B51}.Release|Any CPU.Build.0 = Release|Any CPU
		{C99C176B-7193-40DC-96EA-49032B292BF4}.Debug|Any CPU.ActiveCfg = Debug|Any CPU
		{C99C176B-7193-40DC-96EA-49032B292BF4}.Debug|Any CPU.Build.0 = Debug|Any CPU
		{C99C176B-7193-40DC-96EA-49032B292BF4}.Release|Any CPU.ActiveCfg = Release|Any CPU
		{C99C176B-7193-40DC-96EA-49032B292BF4}.Release|Any CPU.Build.0 = Release|Any CPU
	EndGlobalSection
	GlobalSection(SolutionProperties) = preSolution
		HideSolutionNode = FALSE
	EndGlobalSection
	GlobalSection(NestedProjects) = preSolution
		{C99C176B-7193-40DC-96EA-49032B292BF4} = {B8A0691E-8F35-4A10-A923-7F2FF8E9FF47}
	EndGlobalSection
	GlobalSection(ExtensibilityGlobals) = postSolution
		SolutionGuid = {F8A309F6-FEB7-409A-A9DE-77B95F73C365}
	EndGlobalSection
EndGlobal
